
Microsoft Visual Studio Solution File, Format Version 12.00
# Visual Studio Version 17
VisualStudioVersion = 17.3.32825.248
MinimumVisualStudioVersion = 10.0.40219.1
Project("{9A19103F-16F7-4668-BE54-9A1E7A4F7556}") = "PlacementOfTechnologicalEquipment", "PlacementOfTechnologicalEquipment\PlacementOfTechnologicalEquipment.csproj", "{F19D53E5-BD88-4605-B743-8C49663C7A25}"
EndProject
Global
	GlobalSection(SolutionConfigurationPlatforms) = preSolution
		Debug|Any CPU = Debug|Any CPU
		Release|Any CPU = Release|Any CPU
	EndGlobalSection
	GlobalSection(ProjectConfigurationPlatforms) = postSolution
		{F19D53E5-BD88-4605-B743-8C49663C7A25}.Debug|Any CPU.ActiveCfg = Debug|Any CPU
		{F19D53E5-BD88-4605-B743-8C49663C7A25}.Debug|Any CPU.Build.0 = Debug|Any CPU
		{F19D53E5-BD88-4605-B743-8C49663C7A25}.Release|Any CPU.ActiveCfg = Release|Any CPU
		{F19D53E5-BD88-4605-B743-8C49663C7A25}.Release|Any CPU.Build.0 = Release|Any CPU
	EndGlobalSection
	GlobalSection(SolutionProperties) = preSolution
		HideSolutionNode = FALSE
	EndGlobalSection
	GlobalSection(ExtensibilityGlobals) = postSolution
		SolutionGuid = {A82ACAA6-3717-4DFA-98FE-C9E0DA6C816D}
	EndGlobalSection
EndGlobal
